
Microsoft Visual Studio Solution File, Format Version 12.00
# Visual Studio Version 16
VisualStudioVersion = 16.0.31911.196
MinimumVisualStudioVersion = 10.0.40219.1
Project("{FAE04EC0-301F-11D3-BF4B-00C04F79EFBC}") = "gitTest", "gitTest\gitTest.csproj", "{FC4E84BB-77C8-4737-9464-53E67E4DEA7B}"
EndProject
Global
	GlobalSection(SolutionConfigurationPlatforms) = preSolution
		Debug|Any CPU = Debug|Any CPU
		Release|Any CPU = Release|Any CPU
	EndGlobalSection
	GlobalSection(ProjectConfigurationPlatforms) = postSolution
		{FC4E84BB-77C8-4737-9464-53E67E4DEA7B}.Debug|Any CPU.ActiveCfg = Debug|Any CPU
		{FC4E84BB-77C8-4737-9464-53E67E4DEA7B}.Debug|Any CPU.Build.0 = Debug|Any CPU
		{FC4E84BB-77C8-4737-9464-53E67E4DEA7B}.Release|Any CPU.ActiveCfg = Release|Any CPU
		{FC4E84BB-77C8-4737-9464-53E67E4DEA7B}.Release|Any CPU.Build.0 = Release|Any CPU
	EndGlobalSection
	GlobalSection(SolutionProperties) = preSolution
		HideSolutionNode = FALSE
	EndGlobalSection
	GlobalSection(ExtensibilityGlobals) = postSolution
		SolutionGuid = {FAF5461B-8DB1-498D-A093-0AC93AAB0791}
	EndGlobalSection
EndGlobal
